<Solution>
  <Folder Name="/Solution Items/">
    <File Path="global.json" />
  </Folder>
  <Project Path="ECommerce.Catalog.Test/ECommerce.Catalog.Test.csproj" Id="19c98a41-a305-4913-814b-7f4eb6e3a427" />
  <Project Path="ECommerce.Catalog/ECommerce.Catalog.csproj" Id="262d4106-2334-448e-913e-d201a883e559" />
  <Project Path="ECommerce.Identity/ECommerce.Identity.csproj" Id="bf259d07-35a7-4109-8f3b-55282d81271f" />
</Solution>
