
Microsoft Visual Studio Solution File, Format Version 12.00
# Visual Studio Version 17
VisualStudioVersion = 17.8.34511.84
MinimumVisualStudioVersion = 10.0.40219.1
Project("{9A19103F-16F7-4668-BE54-9A1E7A4F7556}") = "ApiGateway", "api-gateway\src\ApiGateway\ApiGateway.csproj", "{E54B8322-816C-4720-A660-64C57389A837}"
EndProject
Project("{9A19103F-16F7-4668-BE54-9A1E7A4F7556}") = "UserManagementService", "services\UserManagementService\src\UserManagementService\UserManagementService.csproj", "{05DC0DFC-4127-4244-9868-36BA67DD1A9F}"
EndProject
Project("{9A19103F-16F7-4668-BE54-9A1E7A4F7556}") = "UserManagementService.Tests", "services\UserManagementService\tests\UserManagementService.Tests\UserManagementService.Tests.csproj", "{3BC64926-F869-4DBA-901B-5D930FCE2096}"
EndProject
Project("{FAE04EC0-301F-11D3-BF4B-00C04F79EFBC}") = "ProductCatalogService", "services\ProductCatalogService\src\ProductCatalogService\ProductCatalogService.csproj", "{879C0936-C347-4DB0-AFD3-EC5BB387F383}"
EndProject
Global
	GlobalSection(SolutionConfigurationPlatforms) = preSolution
		Debug|Any CPU = Debug|Any CPU
		Release|Any CPU = Release|Any CPU
	EndGlobalSection
	GlobalSection(ProjectConfigurationPlatforms) = postSolution
		{E54B8322-816C-4720-A660-64C57389A837}.Debug|Any CPU.ActiveCfg = Debug|Any CPU
		{E54B8322-816C-4720-A660-64C57389A837}.Debug|Any CPU.Build.0 = Debug|Any CPU
		{E54B8322-816C-4720-A660-64C57389A837}.Release|Any CPU.ActiveCfg = Release|Any CPU
		{E54B8322-816C-4720-A660-64C57389A837}.Release|Any CPU.Build.0 = Release|Any CPU
		{05DC0DFC-4127-4244-9868-36BA67DD1A9F}.Debug|Any CPU.ActiveCfg = Debug|Any CPU
		{05DC0DFC-4127-4244-9868-36BA67DD1A9F}.Debug|Any CPU.Build.0 = Debug|Any CPU
		{05DC0DFC-4127-4244-9868-36BA67DD1A9F}.Release|Any CPU.ActiveCfg = Release|Any CPU
		{05DC0DFC-4127-4244-9868-36BA67DD1A9F}.Release|Any CPU.Build.0 = Release|Any CPU
		{3BC64926-F869-4DBA-901B-5D930FCE2096}.Debug|Any CPU.ActiveCfg = Debug|Any CPU
		{3BC64926-F869-4DBA-901B-5D930FCE2096}.Debug|Any CPU.Build.0 = Debug|Any CPU
		{3BC64926-F869-4DBA-901B-5D930FCE2096}.Release|Any CPU.ActiveCfg = Release|Any CPU
		{3BC64926-F869-4DBA-901B-5D930FCE2096}.Release|Any CPU.Build.0 = Release|Any CPU
		{879C0936-C347-4DB0-AFD3-EC5BB387F383}.Debug|Any CPU.ActiveCfg = Debug|Any CPU
		{879C0936-C347-4DB0-AFD3-EC5BB387F383}.Debug|Any CPU.Build.0 = Debug|Any CPU
		{879C0936-C347-4DB0-AFD3-EC5BB387F383}.Release|Any CPU.ActiveCfg = Release|Any CPU
		{879C0936-C347-4DB0-AFD3-EC5BB387F383}.Release|Any CPU.Build.0 = Release|Any CPU
	EndGlobalSection
	GlobalSection(SolutionProperties) = preSolution
		HideSolutionNode = FALSE
	EndGlobalSection
	GlobalSection(ExtensibilityGlobals) = postSolution
		SolutionGuid = {B5FEE656-2F18-48AB-8B65-E5A9586F68D7}
	EndGlobalSection
EndGlobal
